
Microsoft Visual Studio Solution File, Format Version 12.00
# Visual Studio 15
VisualStudioVersion = 15.0.27004.2002
MinimumVisualStudioVersion = 10.0.40219.1
Project("{FAE04EC0-301F-11D3-BF4B-00C04F79EFBC}") = "MooTorrent", "MooTorrent\MooTorrent.csproj", "{E7A784B1-4144-4FB5-8CF3-FA96DB6B3DCD}"
EndProject
Global
	GlobalSection(SolutionConfigurationPlatforms) = preSolution
		Debug|Any CPU = Debug|Any CPU
		Release|Any CPU = Release|Any CPU
	EndGlobalSection
	GlobalSection(ProjectConfigurationPlatforms) = postSolution
		{E7A784B1-4144-4FB5-8CF3-FA96DB6B3DCD}.Debug|Any CPU.ActiveCfg = Debug|Any CPU
		{E7A784B1-4144-4FB5-8CF3-FA96DB6B3DCD}.Debug|Any CPU.Build.0 = Debug|Any CPU
		{E7A784B1-4144-4FB5-8CF3-FA96DB6B3DCD}.Release|Any CPU.ActiveCfg = Release|Any CPU
		{E7A784B1-4144-4FB5-8CF3-FA96DB6B3DCD}.Release|Any CPU.Build.0 = Release|Any CPU
	EndGlobalSection
	GlobalSection(SolutionProperties) = preSolution
		HideSolutionNode = FALSE
	EndGlobalSection
	GlobalSection(ExtensibilityGlobals) = postSolution
		SolutionGuid = {20D7A15A-220D-4DF1-8EBC-89D268558E9C}
	EndGlobalSection
EndGlobal
